
Microsoft Visual Studio Solution File, Format Version 12.00
# Visual Studio 15
VisualStudioVersion = 15.0.28307.852
MinimumVisualStudioVersion = 10.0.40219.1
Project("{FAE04EC0-301F-11D3-BF4B-00C04F79EFBC}") = "ГПСЧ", "ГПСЧ\ГПСЧ.csproj", "{32B493E4-8E45-4193-8E1F-DCABA65E883D}"
EndProject
Global
	GlobalSection(SolutionConfigurationPlatforms) = preSolution
		Debug|Any CPU = Debug|Any CPU
		Release|Any CPU = Release|Any CPU
	EndGlobalSection
	GlobalSection(ProjectConfigurationPlatforms) = postSolution
		{32B493E4-8E45-4193-8E1F-DCABA65E883D}.Debug|Any CPU.ActiveCfg = Debug|Any CPU
		{32B493E4-8E45-4193-8E1F-DCABA65E883D}.Debug|Any CPU.Build.0 = Debug|Any CPU
		{32B493E4-8E45-4193-8E1F-DCABA65E883D}.Release|Any CPU.ActiveCfg = Release|Any CPU
		{32B493E4-8E45-4193-8E1F-DCABA65E883D}.Release|Any CPU.Build.0 = Release|Any CPU
	EndGlobalSection
	GlobalSection(SolutionProperties) = preSolution
		HideSolutionNode = FALSE
	EndGlobalSection
	GlobalSection(ExtensibilityGlobals) = postSolution
		SolutionGuid = {F2F9F253-E875-44E7-B967-2BB985C58D08}
	EndGlobalSection
EndGlobal
